// !$*UTF8*$!
{
	archiveVersion = 1;
	classes = {
	};
	objectVersion = 56;
	objects = {

/* Begin PBXBuildFile section */
		B8681A262C2C5AA3004C7041 /* AppError.swift in Sources */ = {isa = PBXBuildFile; fileRef = B8681A252C2C5AA3004C7041 /* AppError.swift */; };
		B869D9AD2C211AF0009672C4 /* AppDelegate.swift in Sources */ = {isa = PBXBuildFile; fileRef = B869D9AC2C211AF0009672C4 /* AppDelegate.swift */; };
		B869D9AF2C211AF0009672C4 /* SceneDelegate.swift in Sources */ = {isa = PBXBuildFile; fileRef = B869D9AE2C211AF0009672C4 /* SceneDelegate.swift */; };
		B869D9B12C211AF0009672C4 /* TeamListViewController.swift in Sources */ = {isa = PBXBuildFile; fileRef = B869D9B02C211AF0009672C4 /* TeamListViewController.swift */; };
		B869D9B42C211AF0009672C4 /* Base in Resources */ = {isa = PBXBuildFile; fileRef = B869D9B32C211AF0009672C4 /* Base */; };
		B869D9B62C211AF2009672C4 /* Assets.xcassets in Resources */ = {isa = PBXBuildFile; fileRef = B869D9B52C211AF2009672C4 /* Assets.xcassets */; };
		B869D9B92C211AF2009672C4 /* Base in Resources */ = {isa = PBXBuildFile; fileRef = B869D9B82C211AF2009672C4 /* Base */; };
		B869D9C12C211B02009672C4 /* NetworkService.swift in Sources */ = {isa = PBXBuildFile; fileRef = B869D9C02C211B02009672C4 /* NetworkService.swift */; };
		B87CBE582C21CDA9006F04C4 /* Alamofire in Frameworks */ = {isa = PBXBuildFile; productRef = B87CBE572C21CDA9006F04C4 /* Alamofire */; };
		B87CBE5C2C21D136006F04C4 /* Match.swift in Sources */ = {isa = PBXBuildFile; fileRef = B87CBE5B2C21D136006F04C4 /* Match.swift */; };
		B87CBE5E2C21D157006F04C4 /* MatchListViewController.swift in Sources */ = {isa = PBXBuildFile; fileRef = B87CBE5D2C21D157006F04C4 /* MatchListViewController.swift */; };
		B87CBE682C22CF12006F04C4 /* Team.swift in Sources */ = {isa = PBXBuildFile; fileRef = B87CBE672C22CF12006F04C4 /* Team.swift */; };
		B87CBE6D2C22D0A4006F04C4 /* TeamViewModel.swift in Sources */ = {isa = PBXBuildFile; fileRef = B87CBE6C2C22D0A4006F04C4 /* TeamViewModel.swift */; };
		B87CBE6F2C22D0AC006F04C4 /* MatchViewModel.swift in Sources */ = {isa = PBXBuildFile; fileRef = B87CBE6E2C22D0AC006F04C4 /* MatchViewModel.swift */; };
		B87CBE712C22E7C9006F04C4 /* TeamTableViewCell.swift in Sources */ = {isa = PBXBuildFile; fileRef = B87CBE702C22E7C9006F04C4 /* TeamTableViewCell.swift */; };
		B87CBE742C23E3E5006F04C4 /* Kingfisher in Frameworks */ = {isa = PBXBuildFile; productRef = B87CBE732C23E3E5006F04C4 /* Kingfisher */; };
		B87CBE762C23E549006F04C4 /* TeamNameKorean.swift in Sources */ = {isa = PBXBuildFile; fileRef = B87CBE752C23E549006F04C4 /* TeamNameKorean.swift */; };
		B87CBE792C24029C006F04C4 /* MatchTableViewCell.swift in Sources */ = {isa = PBXBuildFile; fileRef = B87CBE782C24029C006F04C4 /* MatchTableViewCell.swift */; };
/* End PBXBuildFile section */

/* Begin PBXFileReference section */
		B8681A252C2C5AA3004C7041 /* AppError.swift */ = {isa = PBXFileReference; lastKnownFileType = sourcecode.swift; path = AppError.swift; sourceTree = "<group>"; };
		B869D9A92C211AF0009672C4 /* APIStudy.app */ = {isa = PBXFileReference; explicitFileType = wrapper.application; includeInIndex = 0; path = APIStudy.app; sourceTree = BUILT_PRODUCTS_DIR; };
		B869D9AC2C211AF0009672C4 /* AppDelegate.swift */ = {isa = PBXFileReference; lastKnownFileType = sourcecode.swift; path = AppDelegate.swift; sourceTree = "<group>"; };
		B869D9AE2C211AF0009672C4 /* SceneDelegate.swift */ = {isa = PBXFileReference; lastKnownFileType = sourcecode.swift; path = SceneDelegate.swift; sourceTree = "<group>"; };
		B869D9B02C211AF0009672C4 /* TeamListViewController.swift */ = {isa = PBXFileReference; lastKnownFileType = sourcecode.swift; path = TeamListViewController.swift; sourceTree = "<group>"; };
		B869D9B32C211AF0009672C4 /* Base */ = {isa = PBXFileReference; lastKnownFileType = file.storyboard; name = Base; path = Base.lproj/Main.storyboard; sourceTree = "<group>"; };
		B869D9B52C211AF2009672C4 /* Assets.xcassets */ = {isa = PBXFileReference; lastKnownFileType = folder.assetcatalog; path = Assets.xcassets; sourceTree = "<group>"; };
		B869D9B82C211AF2009672C4 /* Base */ = {isa = PBXFileReference; lastKnownFileType = file.storyboard; name = Base; path = Base.lproj/LaunchScreen.storyboard; sourceTree = "<group>"; };
		B869D9BA2C211AF2009672C4 /* Info.plist */ = {isa = PBXFileReference; lastKnownFileType = text.plist.xml; path = Info.plist; sourceTree = "<group>"; };
		B869D9C02C211B02009672C4 /* NetworkService.swift */ = {isa = PBXFileReference; lastKnownFileType = sourcecode.swift; path = NetworkService.swift; sourceTree = "<group>"; };
		B87CBE5B2C21D136006F04C4 /* Match.swift */ = {isa = PBXFileReference; lastKnownFileType = sourcecode.swift; path = Match.swift; sourceTree = "<group>"; };
		B87CBE5D2C21D157006F04C4 /* MatchListViewController.swift */ = {isa = PBXFileReference; lastKnownFileType = sourcecode.swift; path = MatchListViewController.swift; sourceTree = "<group>"; };
		B87CBE672C22CF12006F04C4 /* Team.swift */ = {isa = PBXFileReference; lastKnownFileType = sourcecode.swift; path = Team.swift; sourceTree = "<group>"; };
		B87CBE6C2C22D0A4006F04C4 /* TeamViewModel.swift */ = {isa = PBXFileReference; lastKnownFileType = sourcecode.swift; path = TeamViewModel.swift; sourceTree = "<group>"; };
		B87CBE6E2C22D0AC006F04C4 /* MatchViewModel.swift */ = {isa = PBXFileReference; lastKnownFileType = sourcecode.swift; path = MatchViewModel.swift; sourceTree = "<group>"; };
		B87CBE702C22E7C9006F04C4 /* TeamTableViewCell.swift */ = {isa = PBXFileReference; lastKnownFileType = sourcecode.swift; path = TeamTableViewCell.swift; sourceTree = "<group>"; };
		B87CBE752C23E549006F04C4 /* TeamNameKorean.swift */ = {isa = PBXFileReference; lastKnownFileType = sourcecode.swift; path = TeamNameKorean.swift; sourceTree = "<group>"; };
		B87CBE782C24029C006F04C4 /* MatchTableViewCell.swift */ = {isa = PBXFileReference; lastKnownFileType = sourcecode.swift; path = MatchTableViewCell.swift; sourceTree = "<group>"; };
/* End PBXFileReference section */

/* Begin PBXFrameworksBuildPhase section */
		B869D9A62C211AF0009672C4 /* Frameworks */ = {
			isa = PBXFrameworksBuildPhase;
			buildActionMask = 2147483647;
			files = (
				B87CBE742C23E3E5006F04C4 /* Kingfisher in Frameworks */,
				B87CBE582C21CDA9006F04C4 /* Alamofire in Frameworks */,
			);
			runOnlyForDeploymentPostprocessing = 0;
		};
/* End PBXFrameworksBuildPhase section */

/* Begin PBXGroup section */
		B869D9A02C211AF0009672C4 = {
			isa = PBXGroup;
			children = (
				B869D9AB2C211AF0009672C4 /* APIStudy */,
				B869D9AA2C211AF0009672C4 /* Products */,
			);
			sourceTree = "<group>";
		};
		B869D9AA2C211AF0009672C4 /* Products */ = {
			isa = PBXGroup;
			children = (
				B869D9A92C211AF0009672C4 /* APIStudy.app */,
			);
			name = Products;
			sourceTree = "<group>";
		};
		B869D9AB2C211AF0009672C4 /* APIStudy */ = {
			isa = PBXGroup;
			children = (
				B869D9AC2C211AF0009672C4 /* AppDelegate.swift */,
				B869D9AE2C211AF0009672C4 /* SceneDelegate.swift */,
				B87CBE692C22CF3E006F04C4 /* Service */,
				B87CBE662C22CEF4006F04C4 /* Models */,
				B87CBE6B2C22D073006F04C4 /* ViewModels */,
				B87CBE772C240245006F04C4 /* Cells */,
				B87CBE6A2C22CF60006F04C4 /* Views */,
				B869D9B22C211AF0009672C4 /* Main.storyboard */,
				B869D9B52C211AF2009672C4 /* Assets.xcassets */,
				B869D9B72C211AF2009672C4 /* LaunchScreen.storyboard */,
				B869D9BA2C211AF2009672C4 /* Info.plist */,
			);
			path = APIStudy;
			sourceTree = "<group>";
		};
		B87CBE662C22CEF4006F04C4 /* Models */ = {
			isa = PBXGroup;
			children = (
				B8681A252C2C5AA3004C7041 /* AppError.swift */,
				B87CBE752C23E549006F04C4 /* TeamNameKorean.swift */,
				B87CBE672C22CF12006F04C4 /* Team.swift */,
				B87CBE5B2C21D136006F04C4 /* Match.swift */,
			);
			path = Models;
			sourceTree = "<group>";
		};
		B87CBE692C22CF3E006F04C4 /* Service */ = {
			isa = PBXGroup;
			children = (
				B869D9C02C211B02009672C4 /* NetworkService.swift */,
			);
			path = Service;
			sourceTree = "<group>";
		};
		B87CBE6A2C22CF60006F04C4 /* Views */ = {
			isa = PBXGroup;
			children = (
				B869D9B02C211AF0009672C4 /* TeamListViewController.swift */,
				B87CBE5D2C21D157006F04C4 /* MatchListViewController.swift */,
			);
			path = Views;
			sourceTree = "<group>";
		};
		B87CBE6B2C22D073006F04C4 /* ViewModels */ = {
			isa = PBXGroup;
			children = (
				B87CBE6C2C22D0A4006F04C4 /* TeamViewModel.swift */,
				B87CBE6E2C22D0AC006F04C4 /* MatchViewModel.swift */,
			);
			path = ViewModels;
			sourceTree = "<group>";
		};
		B87CBE772C240245006F04C4 /* Cells */ = {
			isa = PBXGroup;
			children = (
				B87CBE702C22E7C9006F04C4 /* TeamTableViewCell.swift */,
				B87CBE782C24029C006F04C4 /* MatchTableViewCell.swift */,
			);
			path = Cells;
			sourceTree = "<group>";
		};
/* End PBXGroup section */

/* Begin PBXNativeTarget section */
		B869D9A82C211AF0009672C4 /* APIStudy */ = {
			isa = PBXNativeTarget;
			buildConfigurationList = B869D9BD2C211AF2009672C4 /* Build configuration list for PBXNativeTarget "APIStudy" */;
			buildPhases = (
				B869D9A52C211AF0009672C4 /* Sources */,
				B869D9A62C211AF0009672C4 /* Frameworks */,
				B869D9A72C211AF0009672C4 /* Resources */,
			);
			buildRules = (
			);
			dependencies = (
			);
			name = APIStudy;
			packageProductDependencies = (
				B87CBE572C21CDA9006F04C4 /* Alamofire */,
				B87CBE732C23E3E5006F04C4 /* Kingfisher */,
			);
			productName = APIStudy;
			productReference = B869D9A92C211AF0009672C4 /* APIStudy.app */;
			productType = "com.apple.product-type.application";
		};
/* End PBXNativeTarget section */

/* Begin PBXProject section */
		B869D9A12C211AF0009672C4 /* Project object */ = {
			isa = PBXProject;
			attributes = {
				BuildIndependentTargetsInParallel = 1;
				LastSwiftUpdateCheck = 1540;
				LastUpgradeCheck = 1540;
				TargetAttributes = {
					B869D9A82C211AF0009672C4 = {
						CreatedOnToolsVersion = 15.4;
					};
				};
			};
			buildConfigurationList = B869D9A42C211AF0009672C4 /* Build configuration list for PBXProject "APIStudy" */;
			compatibilityVersion = "Xcode 14.0";
			developmentRegion = en;
			hasScannedForEncodings = 0;
			knownRegions = (
				en,
				Base,
			);
			mainGroup = B869D9A02C211AF0009672C4;
			packageReferences = (
				B87CBE562C21CDA9006F04C4 /* XCRemoteSwiftPackageReference "Alamofire" */,
				B87CBE722C23E3E5006F04C4 /* XCRemoteSwiftPackageReference "Kingfisher" */,
			);
			productRefGroup = B869D9AA2C211AF0009672C4 /* Products */;
			projectDirPath = "";
			projectRoot = "";
			targets = (
				B869D9A82C211AF0009672C4 /* APIStudy */,
			);
		};
/* End PBXProject section */

/* Begin PBXResourcesBuildPhase section */
		B869D9A72C211AF0009672C4 /* Resources */ = {
			isa = PBXResourcesBuildPhase;
			buildActionMask = 2147483647;
			files = (
				B869D9B62C211AF2009672C4 /* Assets.xcassets in Resources */,
				B869D9B92C211AF2009672C4 /* Base in Resources */,
				B869D9B42C211AF0009672C4 /* Base in Resources */,
			);
			runOnlyForDeploymentPostprocessing = 0;
		};
/* End PBXResourcesBuildPhase section */

/* Begin PBXSourcesBuildPhase section */
		B869D9A52C211AF0009672C4 /* Sources */ = {
			isa = PBXSourcesBuildPhase;
			buildActionMask = 2147483647;
			files = (
				B87CBE5C2C21D136006F04C4 /* Match.swift in Sources */,
				B87CBE6F2C22D0AC006F04C4 /* MatchViewModel.swift in Sources */,
				B87CBE6D2C22D0A4006F04C4 /* TeamViewModel.swift in Sources */,
				B8681A262C2C5AA3004C7041 /* AppError.swift in Sources */,
				B869D9B12C211AF0009672C4 /* TeamListViewController.swift in Sources */,
				B869D9AD2C211AF0009672C4 /* AppDelegate.swift in Sources */,
				B87CBE5E2C21D157006F04C4 /* MatchListViewController.swift in Sources */,
				B87CBE712C22E7C9006F04C4 /* TeamTableViewCell.swift in Sources */,
				B87CBE792C24029C006F04C4 /* MatchTableViewCell.swift in Sources */,
				B87CBE682C22CF12006F04C4 /* Team.swift in Sources */,
				B869D9C12C211B02009672C4 /* NetworkService.swift in Sources */,
				B869D9AF2C211AF0009672C4 /* SceneDelegate.swift in Sources */,
				B87CBE762C23E549006F04C4 /* TeamNameKorean.swift in Sources */,
			);
			runOnlyForDeploymentPostprocessing = 0;
		};
/* End PBXSourcesBuildPhase section */

/* Begin PBXVariantGroup section */
		B869D9B22C211AF0009672C4 /* Main.storyboard */ = {
			isa = PBXVariantGroup;
			children = (
				B869D9B32C211AF0009672C4 /* Base */,
			);
			name = Main.storyboard;
			sourceTree = "<group>";
		};
		B869D9B72C211AF2009672C4 /* LaunchScreen.storyboard */ = {
			isa = PBXVariantGroup;
			children = (
				B869D9B82C211AF2009672C4 /* Base */,
			);
			name = LaunchScreen.storyboard;
			sourceTree = "<group>";
		};
/* End PBXVariantGroup section */

/* Begin XCBuildConfiguration section */
		B869D9BB2C211AF2009672C4 /* Debug */ = {
			isa = XCBuildConfiguration;
			buildSettings = {
				ALWAYS_SEARCH_USER_PATHS = NO;
				ASSETCATALOG_COMPILER_GENERATE_SWIFT_ASSET_SYMBOL_EXTENSIONS = YES;
				CLANG_ANALYZER_NONNULL = YES;
				CLANG_ANALYZER_NUMBER_OBJECT_CONVERSION = YES_AGGRESSIVE;
				CLANG_CXX_LANGUAGE_STANDARD = "gnu++20";
				CLANG_ENABLE_MODULES = YES;
				CLANG_ENABLE_OBJC_ARC = YES;
				CLANG_ENABLE_OBJC_WEAK = YES;
				CLANG_WARN_BLOCK_CAPTURE_AUTORELEASING = YES;
				CLANG_WARN_BOOL_CONVERSION = YES;
				CLANG_WARN_COMMA = YES;
				CLANG_WARN_CONSTANT_CONVERSION = YES;
				CLANG_WARN_DEPRECATED_OBJC_IMPLEMENTATIONS = YES;
				CLANG_WARN_DIRECT_OBJC_ISA_USAGE = YES_ERROR;
				CLANG_WARN_DOCUMENTATION_COMMENTS = YES;
				CLANG_WARN_EMPTY_BODY = YES;
				CLANG_WARN_ENUM_CONVERSION = YES;
				CLANG_WARN_INFINITE_RECURSION = YES;
				CLANG_WARN_INT_CONVERSION = YES;
				CLANG_WARN_NON_LITERAL_NULL_CONVERSION = YES;
				CLANG_WARN_OBJC_IMPLICIT_RETAIN_SELF = YES;
				CLANG_WARN_OBJC_LITERAL_CONVERSION = YES;
				CLANG_WARN_OBJC_ROOT_CLASS = YES_ERROR;
				CLANG_WARN_QUOTED_INCLUDE_IN_FRAMEWORK_HEADER = YES;
				CLANG_WARN_RANGE_LOOP_ANALYSIS = YES;
				CLANG_WARN_STRICT_PROTOTYPES = YES;
				CLANG_WARN_SUSPICIOUS_MOVE = YES;
				CLANG_WARN_UNGUARDED_AVAILABILITY = YES_AGGRESSIVE;
				CLANG_WARN_UNREACHABLE_CODE = YES;
				CLANG_WARN__DUPLICATE_METHOD_MATCH = YES;
				COPY_PHASE_STRIP = NO;
				DEBUG_INFORMATION_FORMAT = dwarf;
				ENABLE_STRICT_OBJC_MSGSEND = YES;
				ENABLE_TESTABILITY = YES;
				ENABLE_USER_SCRIPT_SANDBOXING = YES;
				GCC_C_LANGUAGE_STANDARD = gnu17;
				GCC_DYNAMIC_NO_PIC = NO;
				GCC_NO_COMMON_BLOCKS = YES;
				GCC_OPTIMIZATION_LEVEL = 0;
				GCC_PREPROCESSOR_DEFINITIONS = (
					"DEBUG=1",
					"$(inherited)",
				);
				GCC_WARN_64_TO_32_BIT_CONVERSION = YES;
				GCC_WARN_ABOUT_RETURN_TYPE = YES_ERROR;
				GCC_WARN_UNDECLARED_SELECTOR = YES;
				GCC_WARN_UNINITIALIZED_AUTOS = YES_AGGRESSIVE;
				GCC_WARN_UNUSED_FUNCTION = YES;
				GCC_WARN_UNUSED_VARIABLE = YES;
				IPHONEOS_DEPLOYMENT_TARGET = 17.5;
				LOCALIZATION_PREFERS_STRING_CATALOGS = YES;
				MTL_ENABLE_DEBUG_INFO = INCLUDE_SOURCE;
				MTL_FAST_MATH = YES;
				ONLY_ACTIVE_ARCH = YES;
				SDKROOT = iphoneos;
				SWIFT_ACTIVE_COMPILATION_CONDITIONS = "DEBUG $(inherited)";
				SWIFT_OPTIMIZATION_LEVEL = "-Onone";
			};
			name = Debug;
		};
		B869D9BC2C211AF2009672C4 /* Release */ = {
			isa = XCBuildConfiguration;
			buildSettings = {
				ALWAYS_SEARCH_USER_PATHS = NO;
				ASSETCATALOG_COMPILER_GENERATE_SWIFT_ASSET_SYMBOL_EXTENSIONS = YES;
				CLANG_ANALYZER_NONNULL = YES;
				CLANG_ANALYZER_NUMBER_OBJECT_CONVERSION = YES_AGGRESSIVE;
				CLANG_CXX_LANGUAGE_STANDARD = "gnu++20";
				CLANG_ENABLE_MODULES = YES;
				CLANG_ENABLE_OBJC_ARC = YES;
				CLANG_ENABLE_OBJC_WEAK = YES;
				CLANG_WARN_BLOCK_CAPTURE_AUTORELEASING = YES;
				CLANG_WARN_BOOL_CONVERSION = YES;
				CLANG_WARN_COMMA = YES;
				CLANG_WARN_CONSTANT_CONVERSION = YES;
				CLANG_WARN_DEPRECATED_OBJC_IMPLEMENTATIONS = YES;
				CLANG_WARN_DIRECT_OBJC_ISA_USAGE = YES_ERROR;
				CLANG_WARN_DOCUMENTATION_COMMENTS = YES;
				CLANG_WARN_EMPTY_BODY = YES;
				CLANG_WARN_ENUM_CONVERSION = YES;
				CLANG_WARN_INFINITE_RECURSION = YES;
				CLANG_WARN_INT_CONVERSION = YES;
				CLANG_WARN_NON_LITERAL_NULL_CONVERSION = YES;
				CLANG_WARN_OBJC_IMPLICIT_RETAIN_SELF = YES;
				CLANG_WARN_OBJC_LITERAL_CONVERSION = YES;
				CLANG_WARN_OBJC_ROOT_CLASS = YES_ERROR;
				CLANG_WARN_QUOTED_INCLUDE_IN_FRAMEWORK_HEADER = YES;
				CLANG_WARN_RANGE_LOOP_ANALYSIS = YES;
				CLANG_WARN_STRICT_PROTOTYPES = YES;
				CLANG_WARN_SUSPICIOUS_MOVE = YES;
				CLANG_WARN_UNGUARDED_AVAILABILITY = YES_AGGRESSIVE;
				CLANG_WARN_UNREACHABLE_CODE = YES;
				CLANG_WARN__DUPLICATE_METHOD_MATCH = YES;
				COPY_PHASE_STRIP = NO;
				DEBUG_INFORMATION_FORMAT = "dwarf-with-dsym";
				ENABLE_NS_ASSERTIONS = NO;
				ENABLE_STRICT_OBJC_MSGSEND = YES;
				ENABLE_USER_SCRIPT_SANDBOXING = YES;
				GCC_C_LANGUAGE_STANDARD = gnu17;
				GCC_NO_COMMON_BLOCKS = YES;
				GCC_WARN_64_TO_32_BIT_CONVERSION = YES;
				GCC_WARN_ABOUT_RETURN_TYPE = YES_ERROR;
				GCC_WARN_UNDECLARED_SELECTOR = YES;
				GCC_WARN_UNINITIALIZED_AUTOS = YES_AGGRESSIVE;
				GCC_WARN_UNUSED_FUNCTION = YES;
				GCC_WARN_UNUSED_VARIABLE = YES;
				IPHONEOS_DEPLOYMENT_TARGET = 17.5;
				LOCALIZATION_PREFERS_STRING_CATALOGS = YES;
				MTL_ENABLE_DEBUG_INFO = NO;
				MTL_FAST_MATH = YES;
				SDKROOT = iphoneos;
				SWIFT_COMPILATION_MODE = wholemodule;
				VALIDATE_PRODUCT = YES;
			};
			name = Release;
		};
		B869D9BE2C211AF2009672C4 /* Debug */ = {
			isa = XCBuildConfiguration;
			buildSettings = {
				ASSETCATALOG_COMPILER_APPICON_NAME = AppIcon;
				ASSETCATALOG_COMPILER_GLOBAL_ACCENT_COLOR_NAME = AccentColor;
				CODE_SIGN_STYLE = Automatic;
				CURRENT_PROJECT_VERSION = 1;
				DEVELOPMENT_TEAM = 59FP2PXRXK;
				GENERATE_INFOPLIST_FILE = YES;
				INFOPLIST_FILE = APIStudy/Info.plist;
				INFOPLIST_KEY_UIApplicationSupportsIndirectInputEvents = YES;
				INFOPLIST_KEY_UILaunchStoryboardName = LaunchScreen;
				INFOPLIST_KEY_UIMainStoryboardFile = Main;
				INFOPLIST_KEY_UISupportedInterfaceOrientations_iPad = "UIInterfaceOrientationPortrait UIInterfaceOrientationPortraitUpsideDown UIInterfaceOrientationLandscapeLeft UIInterfaceOrientationLandscapeRight";
				INFOPLIST_KEY_UISupportedInterfaceOrientations_iPhone = "UIInterfaceOrientationPortrait UIInterfaceOrientationLandscapeLeft UIInterfaceOrientationLandscapeRight";
				LD_RUNPATH_SEARCH_PATHS = (
					"$(inherited)",
					"@executable_path/Frameworks",
				);
				MARKETING_VERSION = 1.0;
				PRODUCT_BUNDLE_IDENTIFIER = kr.co.codegrove.APIStudy;
				PRODUCT_NAME = "$(TARGET_NAME)";
				SWIFT_EMIT_LOC_STRINGS = YES;
				SWIFT_VERSION = 5.0;
				TARGETED_DEVICE_FAMILY = "1,2";
			};
			name = Debug;
		};
		B869D9BF2C211AF2009672C4 /* Release */ = {
			isa = XCBuildConfiguration;
			buildSettings = {
				ASSETCATALOG_COMPILER_APPICON_NAME = AppIcon;
				ASSETCATALOG_COMPILER_GLOBAL_ACCENT_COLOR_NAME = AccentColor;
				CODE_SIGN_STYLE = Automatic;
				CURRENT_PROJECT_VERSION = 1;
				DEVELOPMENT_TEAM = 59FP2PXRXK;
				GENERATE_INFOPLIST_FILE = YES;
				INFOPLIST_FILE = APIStudy/Info.plist;
				INFOPLIST_KEY_UIApplicationSupportsIndirectInputEvents = YES;
				INFOPLIST_KEY_UILaunchStoryboardName = LaunchScreen;
				INFOPLIST_KEY_UIMainStoryboardFile = Main;
				INFOPLIST_KEY_UISupportedInterfaceOrientations_iPad = "UIInterfaceOrientationPortrait UIInterfaceOrientationPortraitUpsideDown UIInterfaceOrientationLandscapeLeft UIInterfaceOrientationLandscapeRight";
				INFOPLIST_KEY_UISupportedInterfaceOrientations_iPhone = "UIInterfaceOrientationPortrait UIInterfaceOrientationLandscapeLeft UIInterfaceOrientationLandscapeRight";
				LD_RUNPATH_SEARCH_PATHS = (
					"$(inherited)",
					"@executable_path/Frameworks",
				);
				MARKETING_VERSION = 1.0;
				PRODUCT_BUNDLE_IDENTIFIER = kr.co.codegrove.APIStudy;
				PRODUCT_NAME = "$(TARGET_NAME)";
				SWIFT_EMIT_LOC_STRINGS = YES;
				SWIFT_VERSION = 5.0;
				TARGETED_DEVICE_FAMILY = "1,2";
			};
			name = Release;
		};
/* End XCBuildConfiguration section */

/* Begin XCConfigurationList section */
		B869D9A42C211AF0009672C4 /* Build configuration list for PBXProject "APIStudy" */ = {
			isa = XCConfigurationList;
			buildConfigurations = (
				B869D9BB2C211AF2009672C4 /* Debug */,
				B869D9BC2C211AF2009672C4 /* Release */,
			);
			defaultConfigurationIsVisible = 0;
			defaultConfigurationName = Release;
		};
		B869D9BD2C211AF2009672C4 /* Build configuration list for PBXNativeTarget "APIStudy" */ = {
			isa = XCConfigurationList;
			buildConfigurations = (
				B869D9BE2C211AF2009672C4 /* Debug */,
				B869D9BF2C211AF2009672C4 /* Release */,
			);
			defaultConfigurationIsVisible = 0;
			defaultConfigurationName = Release;
		};
/* End XCConfigurationList section */

/* Begin XCRemoteSwiftPackageReference section */
		B87CBE562C21CDA9006F04C4 /* XCRemoteSwiftPackageReference "Alamofire" */ = {
			isa = XCRemoteSwiftPackageReference;
			repositoryURL = "https://github.com/Alamofire/Alamofire.git";
			requirement = {
				kind = upToNextMajorVersion;
				minimumVersion = 5.9.1;
			};
		};
		B87CBE722C23E3E5006F04C4 /* XCRemoteSwiftPackageReference "Kingfisher" */ = {
			isa = XCRemoteSwiftPackageReference;
			repositoryURL = "https://github.com/onevcat/Kingfisher";
			requirement = {
				kind = upToNextMajorVersion;
				minimumVersion = 7.12.0;
			};
		};
/* End XCRemoteSwiftPackageReference section */

/* Begin XCSwiftPackageProductDependency section */
		B87CBE572C21CDA9006F04C4 /* Alamofire */ = {
			isa = XCSwiftPackageProductDependency;
			package = B87CBE562C21CDA9006F04C4 /* XCRemoteSwiftPackageReference "Alamofire" */;
			productName = Alamofire;
		};
		B87CBE732C23E3E5006F04C4 /* Kingfisher */ = {
			isa = XCSwiftPackageProductDependency;
			package = B87CBE722C23E3E5006F04C4 /* XCRemoteSwiftPackageReference "Kingfisher" */;
			productName = Kingfisher;
		};
/* End XCSwiftPackageProductDependency section */
	};
	rootObject = B869D9A12C211AF0009672C4 /* Project object */;
}
